<?xml version="1.0" encoding="utf-8"?>
<Project ToolsVersion="4.0" xmlns="http://schemas.microsoft.com/developer/msbuild/2003">
  <ItemGroup>
    <Filter Include="源文件">
      <UniqueIdentifier>{4FC737F1-C7A5-4376-A066-2A32D752A2FF}</UniqueIdentifier>
      <Extensions>cpp;c;cc;cxx;def;odl;idl;hpj;bat;asm;asmx</Extensions>
    </Filter>
    <Filter Include="头文件">
      <UniqueIdentifier>{93995380-89BD-4b04-88EB-625FBE52EBFB}</UniqueIdentifier>
      <Extensions>h;hpp;hxx;hm;inl;inc;xsd</Extensions>
    </Filter>
    <Filter Include="资源文件">
      <UniqueIdentifier>{67DA6AB6-F800-4c08-8B7A-83BB121AAD01}</UniqueIdentifier>
      <Extensions>rc;ico;cur;bmp;dlg;rc2;rct;bin;rgs;gif;jpg;jpeg;jpe;resx;tiff;tif;png;wav;mfcribbon-ms</Extensions>
    </Filter>
  </ItemGroup>
  <ItemGroup>
    <None Include="ReadMe.txt" />
    <None Include="res\buttons.bmp">
      <Filter>资源文件</Filter>
    </None>
    <None Include="res\filelarge.bmp">
      <Filter>资源文件</Filter>
    </None>
    <None Include="res\filesmall.bmp">
      <Filter>资源文件</Filter>
    </None>
    <None Include="res\main.bmp">
      <Filter>资源文件</Filter>
    </None>
    <None Include="res\writelarge.bmp">
      <Filter>资源文件</Filter>
    </None>
    <None Include="res\writesmall.bmp">
      <Filter>资源文件</Filter>
    </None>
    <None Include="res\ribbon.mfcribbon-ms">
      <Filter>资源文件</Filter>
    </None>
    <None Include="res\ToyDraw.rc2">
      <Filter>资源文件</Filter>
    </None>
    <None Include="res\ToyDrawDoc.ico">
      <Filter>资源文件</Filter>
    </None>
    <None Include="res\ToyDraw.ico">
      <Filter>资源文件</Filter>
    </None>
    <None Include="res\Toolbar.bmp">
      <Filter>资源文件</Filter>
    </None>
    <None Include="res\Toolbar256.bmp">
      <Filter>资源文件</Filter>
    </None>
    <None Include="中英文对照.txt">
      <Filter>资源文件</Filter>
    </None>
    <None Include="res\line_types.png">
      <Filter>资源文件</Filter>
    </None>
    <None Include="res\line_types_v.png">
      <Filter>资源文件</Filter>
    </None>
    <None Include="res\main_32.png">
      <Filter>资源文件</Filter>
    </None>
    <None Include="res\edit_lage.png">
      <Filter>资源文件</Filter>
    </None>
    <None Include="res\edit_samll.png">
      <Filter>资源文件</Filter>
    </None>
    <None Include="res\view_large.png">
      <Filter>资源文件</Filter>
    </None>
    <None Include="res\lineweight.png">
      <Filter>资源文件</Filter>
    </None>
    <None Include="res\lineType.png">
      <Filter>资源文件</Filter>
    </None>
    <None Include="res\linewidth.png">
      <Filter>资源文件</Filter>
    </None>
    <None Include="res\graphs.png">
      <Filter>资源文件</Filter>
    </None>
  </ItemGroup>
  <ItemGroup>
    <ClInclude Include="ToyDraw.h">
      <Filter>头文件</Filter>
    </ClInclude>
    <ClInclude Include="stdafx.h">
      <Filter>头文件</Filter>
    </ClInclude>
    <ClInclude Include="targetver.h">
      <Filter>头文件</Filter>
    </ClInclude>
    <ClInclude Include="MainFrm.h">
      <Filter>头文件</Filter>
    </ClInclude>
    <ClInclude Include="ToyDrawDoc.h">
      <Filter>头文件</Filter>
    </ClInclude>
    <ClInclude Include="ToyDrawView.h">
      <Filter>头文件</Filter>
    </ClInclude>
    <ClInclude Include="Resource.h">
      <Filter>头文件</Filter>
    </ClInclude>
    <ClInclude Include="ToySG.h">
      <Filter>头文件</Filter>
    </ClInclude>
    <ClInclude Include="InteractDlg.h">
      <Filter>头文件</Filter>
    </ClInclude>
    <ClInclude Include="Transform.h">
      <Filter>头文件</Filter>
    </ClInclude>
    <ClInclude Include="RibbonListButton.h">
      <Filter>头文件</Filter>
    </ClInclude>
    <ClInclude Include="GraphList.h">
      <Filter>头文件</Filter>
    </ClInclude>
    <ClInclude Include="LineWidthDlg.h">
      <Filter>头文件</Filter>
    </ClInclude>
    <ClInclude Include="tinystr.h">
      <Filter>头文件</Filter>
    </ClInclude>
    <ClInclude Include="tinyxml.h">
      <Filter>头文件</Filter>
    </ClInclude>
    <ClInclude Include="transcoding.h">
      <Filter>头文件</Filter>
    </ClInclude>
    <ClInclude Include="SetViewSizeDlg.h">
      <Filter>头文件</Filter>
    </ClInclude>
  </ItemGroup>
  <ItemGroup>
    <ClCompile Include="ToyDraw.cpp">
      <Filter>源文件</Filter>
    </ClCompile>
    <ClCompile Include="stdafx.cpp">
      <Filter>源文件</Filter>
    </ClCompile>
    <ClCompile Include="MainFrm.cpp">
      <Filter>源文件</Filter>
    </ClCompile>
    <ClCompile Include="ToyDrawDoc.cpp">
      <Filter>源文件</Filter>
    </ClCompile>
    <ClCompile Include="ToyDrawView.cpp">
      <Filter>源文件</Filter>
    </ClCompile>
    <ClCompile Include="ToySG.cpp">
      <Filter>源文件</Filter>
    </ClCompile>
    <ClCompile Include="InteractDlg.cpp">
      <Filter>源文件</Filter>
    </ClCompile>
    <ClCompile Include="Transform.cpp">
      <Filter>源文件</Filter>
    </ClCompile>
    <ClCompile Include="RibbonListButton.cpp">
      <Filter>源文件</Filter>
    </ClCompile>
    <ClCompile Include="GraphList.cpp">
      <Filter>源文件</Filter>
    </ClCompile>
    <ClCompile Include="LineWidthDlg.cpp">
      <Filter>源文件</Filter>
    </ClCompile>
    <ClCompile Include="transcoding.cpp">
      <Filter>源文件</Filter>
    </ClCompile>
    <ClCompile Include="SetViewSizeDlg.cpp">
      <Filter>源文件</Filter>
    </ClCompile>
  </ItemGroup>
  <ItemGroup>
    <ResourceCompile Include="ToyDraw.rc">
      <Filter>资源文件</Filter>
    </ResourceCompile>
  </ItemGroup>
  <ItemGroup>
    <Library Include="..\Debug\tinyxmlSTL.lib" />
  </ItemGroup>
</Project>